
Microsoft Visual Studio Solution File, Format Version 12.00
# Visual Studio 14
VisualStudioVersion = 14.0.23107.0
MinimumVisualStudioVersion = 10.0.40219.1
Project("{FAE04EC0-301F-11D3-BF4B-00C04F79EFBC}") = "MyFrameWork", "MyFrameWork\MyFrameWork.csproj", "{76E98436-11A3-4870-96C8-D520E4609310}"
EndProject
Project("{2150E333-8FDC-42A3-9474-1A3956D46DE8}") = "Common", "Common", "{FC9F8794-EBEC-4ABC-A952-C48F472424C7}"
EndProject
Project("{FAE04EC0-301F-11D3-BF4B-00C04F79EFBC}") = "Common", "Common\Common.csproj", "{B655C97C-C9DB-42B1-95C3-2924D0888BC7}"
EndProject
Project("{FAE04EC0-301F-11D3-BF4B-00C04F79EFBC}") = "Model", "Model\Model.csproj", "{513F0929-3429-4BDE-B7B0-59DBC2891712}"
EndProject
Project("{2150E333-8FDC-42A3-9474-1A3956D46DE8}") = "Repository", "Repository", "{755EB41F-8C40-46AC-A628-12858315986E}"
EndProject
Project("{FAE04EC0-301F-11D3-BF4B-00C04F79EFBC}") = "DAL", "DAL\DAL.csproj", "{6B8321BC-D336-489A-968B-6F9A3AFDCC69}"
EndProject
Project("{FAE04EC0-301F-11D3-BF4B-00C04F79EFBC}") = "IDAL", "IDAL\IDAL.csproj", "{11E4D7EC-3575-4BE0-8172-E3A4DD407CA6}"
EndProject
Project("{2150E333-8FDC-42A3-9474-1A3956D46DE8}") = "Service", "Service", "{9A27935A-A684-4929-B95C-3F42073B3DF4}"
EndProject
Project("{FAE04EC0-301F-11D3-BF4B-00C04F79EFBC}") = "BLL", "BLL\BLL.csproj", "{20477382-3417-47AA-8154-79B8A8B89F57}"
EndProject
Project("{FAE04EC0-301F-11D3-BF4B-00C04F79EFBC}") = "IBLL", "IBLL\IBLL.csproj", "{58224F1F-FC9C-4AFA-9A44-1D155D09BD74}"
EndProject
Project("{2150E333-8FDC-42A3-9474-1A3956D46DE8}") = "UI", "UI", "{4A203C54-C955-4DED-A375-65A08A000697}"
EndProject
Project("{FAE04EC0-301F-11D3-BF4B-00C04F79EFBC}") = "Web", "Web\Web.csproj", "{18D1602B-7FD0-4160-A645-0C6E737EC144}"
EndProject
Project("{FAE04EC0-301F-11D3-BF4B-00C04F79EFBC}") = "DI", "DI\DI.csproj", "{4CA22382-36EB-4338-A092-4A3BB2BE4613}"
EndProject
Global
	GlobalSection(SolutionConfigurationPlatforms) = preSolution
		Debug|Any CPU = Debug|Any CPU
		Release|Any CPU = Release|Any CPU
	EndGlobalSection
	GlobalSection(ProjectConfigurationPlatforms) = postSolution
		{76E98436-11A3-4870-96C8-D520E4609310}.Debug|Any CPU.ActiveCfg = Debug|Any CPU
		{76E98436-11A3-4870-96C8-D520E4609310}.Debug|Any CPU.Build.0 = Debug|Any CPU
		{76E98436-11A3-4870-96C8-D520E4609310}.Release|Any CPU.ActiveCfg = Release|Any CPU
		{76E98436-11A3-4870-96C8-D520E4609310}.Release|Any CPU.Build.0 = Release|Any CPU
		{B655C97C-C9DB-42B1-95C3-2924D0888BC7}.Debug|Any CPU.ActiveCfg = Debug|Any CPU
		{B655C97C-C9DB-42B1-95C3-2924D0888BC7}.Debug|Any CPU.Build.0 = Debug|Any CPU
		{B655C97C-C9DB-42B1-95C3-2924D0888BC7}.Release|Any CPU.ActiveCfg = Release|Any CPU
		{B655C97C-C9DB-42B1-95C3-2924D0888BC7}.Release|Any CPU.Build.0 = Release|Any CPU
		{513F0929-3429-4BDE-B7B0-59DBC2891712}.Debug|Any CPU.ActiveCfg = Debug|Any CPU
		{513F0929-3429-4BDE-B7B0-59DBC2891712}.Debug|Any CPU.Build.0 = Debug|Any CPU
		{513F0929-3429-4BDE-B7B0-59DBC2891712}.Release|Any CPU.ActiveCfg = Release|Any CPU
		{513F0929-3429-4BDE-B7B0-59DBC2891712}.Release|Any CPU.Build.0 = Release|Any CPU
		{6B8321BC-D336-489A-968B-6F9A3AFDCC69}.Debug|Any CPU.ActiveCfg = Debug|Any CPU
		{6B8321BC-D336-489A-968B-6F9A3AFDCC69}.Debug|Any CPU.Build.0 = Debug|Any CPU
		{6B8321BC-D336-489A-968B-6F9A3AFDCC69}.Release|Any CPU.ActiveCfg = Release|Any CPU
		{6B8321BC-D336-489A-968B-6F9A3AFDCC69}.Release|Any CPU.Build.0 = Release|Any CPU
		{11E4D7EC-3575-4BE0-8172-E3A4DD407CA6}.Debug|Any CPU.ActiveCfg = Debug|Any CPU
		{11E4D7EC-3575-4BE0-8172-E3A4DD407CA6}.Debug|Any CPU.Build.0 = Debug|Any CPU
		{11E4D7EC-3575-4BE0-8172-E3A4DD407CA6}.Release|Any CPU.ActiveCfg = Release|Any CPU
		{11E4D7EC-3575-4BE0-8172-E3A4DD407CA6}.Release|Any CPU.Build.0 = Release|Any CPU
		{20477382-3417-47AA-8154-79B8A8B89F57}.Debug|Any CPU.ActiveCfg = Debug|Any CPU
		{20477382-3417-47AA-8154-79B8A8B89F57}.Debug|Any CPU.Build.0 = Debug|Any CPU
		{20477382-3417-47AA-8154-79B8A8B89F57}.Release|Any CPU.ActiveCfg = Release|Any CPU
		{20477382-3417-47AA-8154-79B8A8B89F57}.Release|Any CPU.Build.0 = Release|Any CPU
		{58224F1F-FC9C-4AFA-9A44-1D155D09BD74}.Debug|Any CPU.ActiveCfg = Debug|Any CPU
		{58224F1F-FC9C-4AFA-9A44-1D155D09BD74}.Debug|Any CPU.Build.0 = Debug|Any CPU
		{58224F1F-FC9C-4AFA-9A44-1D155D09BD74}.Release|Any CPU.ActiveCfg = Release|Any CPU
		{58224F1F-FC9C-4AFA-9A44-1D155D09BD74}.Release|Any CPU.Build.0 = Release|Any CPU
		{18D1602B-7FD0-4160-A645-0C6E737EC144}.Debug|Any CPU.ActiveCfg = Debug|Any CPU
		{18D1602B-7FD0-4160-A645-0C6E737EC144}.Debug|Any CPU.Build.0 = Debug|Any CPU
		{18D1602B-7FD0-4160-A645-0C6E737EC144}.Release|Any CPU.ActiveCfg = Release|Any CPU
		{18D1602B-7FD0-4160-A645-0C6E737EC144}.Release|Any CPU.Build.0 = Release|Any CPU
		{4CA22382-36EB-4338-A092-4A3BB2BE4613}.Debug|Any CPU.ActiveCfg = Debug|Any CPU
		{4CA22382-36EB-4338-A092-4A3BB2BE4613}.Debug|Any CPU.Build.0 = Debug|Any CPU
		{4CA22382-36EB-4338-A092-4A3BB2BE4613}.Release|Any CPU.ActiveCfg = Release|Any CPU
		{4CA22382-36EB-4338-A092-4A3BB2BE4613}.Release|Any CPU.Build.0 = Release|Any CPU
	EndGlobalSection
	GlobalSection(SolutionProperties) = preSolution
		HideSolutionNode = FALSE
	EndGlobalSection
	GlobalSection(NestedProjects) = preSolution
		{B655C97C-C9DB-42B1-95C3-2924D0888BC7} = {FC9F8794-EBEC-4ABC-A952-C48F472424C7}
		{513F0929-3429-4BDE-B7B0-59DBC2891712} = {FC9F8794-EBEC-4ABC-A952-C48F472424C7}
		{6B8321BC-D336-489A-968B-6F9A3AFDCC69} = {755EB41F-8C40-46AC-A628-12858315986E}
		{11E4D7EC-3575-4BE0-8172-E3A4DD407CA6} = {755EB41F-8C40-46AC-A628-12858315986E}
		{20477382-3417-47AA-8154-79B8A8B89F57} = {9A27935A-A684-4929-B95C-3F42073B3DF4}
		{58224F1F-FC9C-4AFA-9A44-1D155D09BD74} = {9A27935A-A684-4929-B95C-3F42073B3DF4}
		{18D1602B-7FD0-4160-A645-0C6E737EC144} = {4A203C54-C955-4DED-A375-65A08A000697}
		{4CA22382-36EB-4338-A092-4A3BB2BE4613} = {FC9F8794-EBEC-4ABC-A952-C48F472424C7}
	EndGlobalSection
EndGlobal
